Microsoft Visual Studio Solution File, Format Version 12.00
# Visual Studio Version 17
VisualStudioVersion = 17.5.2.0
MinimumVisualStudioVersion = 10.0.40219.1
Project("{FAE04EC0-301F-11D3-BF4B-00C04F79EFBC}") = "Loader", "Loader.csproj", "{C2D31FAF-4BF7-288D-4447-CCEB1E7C536E}"
EndProject
Global
	GlobalSection(SolutionConfigurationPlatforms) = preSolution
		Debug|Any CPU = Debug|Any CPU
		Release|Any CPU = Release|Any CPU
	EndGlobalSection
	GlobalSection(ProjectConfigurationPlatforms) = postSolution
		{C2D31FAF-4BF7-288D-4447-CCEB1E7C536E}.Debug|Any CPU.ActiveCfg = Debug|Any CPU
		{C2D31FAF-4BF7-288D-4447-CCEB1E7C536E}.Debug|Any CPU.Build.0 = Debug|Any CPU
		{C2D31FAF-4BF7-288D-4447-CCEB1E7C536E}.Release|Any CPU.ActiveCfg = Release|Any CPU
		{C2D31FAF-4BF7-288D-4447-CCEB1E7C536E}.Release|Any CPU.Build.0 = Release|Any CPU
	EndGlobalSection
	GlobalSection(SolutionProperties) = preSolution
		HideSolutionNode = FALSE
	EndGlobalSection
	GlobalSection(ExtensibilityGlobals) = postSolution
		SolutionGuid = {8B1383E9-9301-4DD5-9890-05575B1CDE4C}
	EndGlobalSection
EndGlobal
